
Microsoft Visual Studio Solution File, Format Version 12.00
Project("{2150E333-8FDC-42A3-9474-1A3956D46DE8}") = "src", "src", "{9EE18A62-A9F0-49C8-A7C6-80E01961A02B}"
EndProject
Project("{FAE04EC0-301F-11D3-BF4B-00C04F79EFBC}") = "MinimalTelegramBot", "src\MinimalTelegramBot\MinimalTelegramBot.csproj", "{371C5D0C-D217-4079-891F-BA0AFEDC513A}"
EndProject
Project("{FAE04EC0-301F-11D3-BF4B-00C04F79EFBC}") = "UsageExample", "src\UsageExample\UsageExample.csproj", "{8E433FB6-3EE0-4784-A585-203690DA30DD}"
EndProject
Project("{FAE04EC0-301F-11D3-BF4B-00C04F79EFBC}") = "MinimalTelegramBot.Localization.Abstractions", "src\MinimalTelegramBot.Localization.Abstractions\MinimalTelegramBot.Localization.Abstractions.csproj", "{4EDBF77C-84B2-4F36-AE0E-5CBE3905B3CA}"
EndProject
Project("{FAE04EC0-301F-11D3-BF4B-00C04F79EFBC}") = "MinimalTelegramBot.Localization", "src\MinimalTelegramBot.Localization\MinimalTelegramBot.Localization.csproj", "{B40115BD-697E-4E5B-925E-9522C484F8AB}"
EndProject
Project("{FAE04EC0-301F-11D3-BF4B-00C04F79EFBC}") = "UsageExample.MinimalSetup", "src\UsageExample.MinimalSetup\UsageExample.MinimalSetup.csproj", "{7BCD2E05-2965-4AA9-92F8-A6C35D261DA7}"
EndProject
Project("{FAE04EC0-301F-11D3-BF4B-00C04F79EFBC}") = "UsageExample.StateMachine", "src\UsageExample.StateMachine\UsageExample.StateMachine.csproj", "{38F248AC-FD8C-4775-A01E-5EAB0BB052C1}"
EndProject
Project("{2150E333-8FDC-42A3-9474-1A3956D46DE8}") = "StateMachine", "StateMachine", "{36CA274B-5A7C-4D97-978E-C527B6A4B406}"
EndProject
Project("{FAE04EC0-301F-11D3-BF4B-00C04F79EFBC}") = "MinimalTelegramBot.StateMachine.Abstractions", "src\StateMachine\Abstractions\MinimalTelegramBot.StateMachine.Abstractions.csproj", "{349BB337-1344-42E9-A166-493BB4C53977}"
EndProject
Project("{FAE04EC0-301F-11D3-BF4B-00C04F79EFBC}") = "MinimalTelegramBot.StateMachine", "src\StateMachine\StateMachine\MinimalTelegramBot.StateMachine.csproj", "{FB46BFA9-FC5E-4430-8EBA-92C35C72ECD0}"
EndProject
Project("{2150E333-8FDC-42A3-9474-1A3956D46DE8}") = "Persistence", "Persistence", "{6CDA80E0-F419-47AA-8D6D-70F19A80B750}"
EndProject
Project("{FAE04EC0-301F-11D3-BF4B-00C04F79EFBC}") = "MinimalTelegramBot.StateMachine.Persistence.Sqlite", "src\StateMachine\Persistence\MinimalTelegramBot.StateMachine.Persistence.Sqlite\MinimalTelegramBot.StateMachine.Persistence.Sqlite.csproj", "{B42CD4EC-7D18-4944-9C18-BE84975AE4AB}"
EndProject
Project("{FAE04EC0-301F-11D3-BF4B-00C04F79EFBC}") = "MinimalTelegramBot.StateMachine.Persistence.PostgreSQL", "src\StateMachine\Persistence\MinimalTelegramBot.StateMachine.Persistence.PostgreSQL\MinimalTelegramBot.StateMachine.Persistence.PostgreSQL.csproj", "{D378CAEC-0C47-4106-B08B-E6E049F00A1D}"
EndProject
Global
	GlobalSection(SolutionConfigurationPlatforms) = preSolution
		Debug|Any CPU = Debug|Any CPU
		Release|Any CPU = Release|Any CPU
	EndGlobalSection
	GlobalSection(NestedProjects) = preSolution
		{371C5D0C-D217-4079-891F-BA0AFEDC513A} = {9EE18A62-A9F0-49C8-A7C6-80E01961A02B}
		{8E433FB6-3EE0-4784-A585-203690DA30DD} = {9EE18A62-A9F0-49C8-A7C6-80E01961A02B}
		{4EDBF77C-84B2-4F36-AE0E-5CBE3905B3CA} = {9EE18A62-A9F0-49C8-A7C6-80E01961A02B}
		{B40115BD-697E-4E5B-925E-9522C484F8AB} = {9EE18A62-A9F0-49C8-A7C6-80E01961A02B}
		{7BCD2E05-2965-4AA9-92F8-A6C35D261DA7} = {9EE18A62-A9F0-49C8-A7C6-80E01961A02B}
		{38F248AC-FD8C-4775-A01E-5EAB0BB052C1} = {9EE18A62-A9F0-49C8-A7C6-80E01961A02B}
		{36CA274B-5A7C-4D97-978E-C527B6A4B406} = {9EE18A62-A9F0-49C8-A7C6-80E01961A02B}
		{349BB337-1344-42E9-A166-493BB4C53977} = {36CA274B-5A7C-4D97-978E-C527B6A4B406}
		{FB46BFA9-FC5E-4430-8EBA-92C35C72ECD0} = {36CA274B-5A7C-4D97-978E-C527B6A4B406}
		{6CDA80E0-F419-47AA-8D6D-70F19A80B750} = {36CA274B-5A7C-4D97-978E-C527B6A4B406}
		{B42CD4EC-7D18-4944-9C18-BE84975AE4AB} = {6CDA80E0-F419-47AA-8D6D-70F19A80B750}
		{D378CAEC-0C47-4106-B08B-E6E049F00A1D} = {6CDA80E0-F419-47AA-8D6D-70F19A80B750}
	EndGlobalSection
	GlobalSection(ProjectConfigurationPlatforms) = postSolution
		{371C5D0C-D217-4079-891F-BA0AFEDC513A}.Debug|Any CPU.ActiveCfg = Debug|Any CPU
		{371C5D0C-D217-4079-891F-BA0AFEDC513A}.Debug|Any CPU.Build.0 = Debug|Any CPU
		{371C5D0C-D217-4079-891F-BA0AFEDC513A}.Release|Any CPU.ActiveCfg = Release|Any CPU
		{371C5D0C-D217-4079-891F-BA0AFEDC513A}.Release|Any CPU.Build.0 = Release|Any CPU
		{8E433FB6-3EE0-4784-A585-203690DA30DD}.Debug|Any CPU.ActiveCfg = Debug|Any CPU
		{8E433FB6-3EE0-4784-A585-203690DA30DD}.Debug|Any CPU.Build.0 = Debug|Any CPU
		{8E433FB6-3EE0-4784-A585-203690DA30DD}.Release|Any CPU.ActiveCfg = Release|Any CPU
		{8E433FB6-3EE0-4784-A585-203690DA30DD}.Release|Any CPU.Build.0 = Release|Any CPU
		{4EDBF77C-84B2-4F36-AE0E-5CBE3905B3CA}.Debug|Any CPU.ActiveCfg = Debug|Any CPU
		{4EDBF77C-84B2-4F36-AE0E-5CBE3905B3CA}.Debug|Any CPU.Build.0 = Debug|Any CPU
		{4EDBF77C-84B2-4F36-AE0E-5CBE3905B3CA}.Release|Any CPU.ActiveCfg = Release|Any CPU
		{4EDBF77C-84B2-4F36-AE0E-5CBE3905B3CA}.Release|Any CPU.Build.0 = Release|Any CPU
		{B40115BD-697E-4E5B-925E-9522C484F8AB}.Debug|Any CPU.ActiveCfg = Debug|Any CPU
		{B40115BD-697E-4E5B-925E-9522C484F8AB}.Debug|Any CPU.Build.0 = Debug|Any CPU
		{B40115BD-697E-4E5B-925E-9522C484F8AB}.Release|Any CPU.ActiveCfg = Release|Any CPU
		{B40115BD-697E-4E5B-925E-9522C484F8AB}.Release|Any CPU.Build.0 = Release|Any CPU
		{7BCD2E05-2965-4AA9-92F8-A6C35D261DA7}.Debug|Any CPU.ActiveCfg = Debug|Any CPU
		{7BCD2E05-2965-4AA9-92F8-A6C35D261DA7}.Debug|Any CPU.Build.0 = Debug|Any CPU
		{7BCD2E05-2965-4AA9-92F8-A6C35D261DA7}.Release|Any CPU.ActiveCfg = Release|Any CPU
		{7BCD2E05-2965-4AA9-92F8-A6C35D261DA7}.Release|Any CPU.Build.0 = Release|Any CPU
		{38F248AC-FD8C-4775-A01E-5EAB0BB052C1}.Debug|Any CPU.ActiveCfg = Debug|Any CPU
		{38F248AC-FD8C-4775-A01E-5EAB0BB052C1}.Debug|Any CPU.Build.0 = Debug|Any CPU
		{38F248AC-FD8C-4775-A01E-5EAB0BB052C1}.Release|Any CPU.ActiveCfg = Release|Any CPU
		{38F248AC-FD8C-4775-A01E-5EAB0BB052C1}.Release|Any CPU.Build.0 = Release|Any CPU
		{349BB337-1344-42E9-A166-493BB4C53977}.Debug|Any CPU.ActiveCfg = Debug|Any CPU
		{349BB337-1344-42E9-A166-493BB4C53977}.Debug|Any CPU.Build.0 = Debug|Any CPU
		{349BB337-1344-42E9-A166-493BB4C53977}.Release|Any CPU.ActiveCfg = Release|Any CPU
		{349BB337-1344-42E9-A166-493BB4C53977}.Release|Any CPU.Build.0 = Release|Any CPU
		{FB46BFA9-FC5E-4430-8EBA-92C35C72ECD0}.Debug|Any CPU.ActiveCfg = Debug|Any CPU
		{FB46BFA9-FC5E-4430-8EBA-92C35C72ECD0}.Debug|Any CPU.Build.0 = Debug|Any CPU
		{FB46BFA9-FC5E-4430-8EBA-92C35C72ECD0}.Release|Any CPU.ActiveCfg = Release|Any CPU
		{FB46BFA9-FC5E-4430-8EBA-92C35C72ECD0}.Release|Any CPU.Build.0 = Release|Any CPU
		{B42CD4EC-7D18-4944-9C18-BE84975AE4AB}.Debug|Any CPU.ActiveCfg = Debug|Any CPU
		{B42CD4EC-7D18-4944-9C18-BE84975AE4AB}.Debug|Any CPU.Build.0 = Debug|Any CPU
		{B42CD4EC-7D18-4944-9C18-BE84975AE4AB}.Release|Any CPU.ActiveCfg = Release|Any CPU
		{B42CD4EC-7D18-4944-9C18-BE84975AE4AB}.Release|Any CPU.Build.0 = Release|Any CPU
		{D378CAEC-0C47-4106-B08B-E6E049F00A1D}.Debug|Any CPU.ActiveCfg = Debug|Any CPU
		{D378CAEC-0C47-4106-B08B-E6E049F00A1D}.Debug|Any CPU.Build.0 = Debug|Any CPU
		{D378CAEC-0C47-4106-B08B-E6E049F00A1D}.Release|Any CPU.ActiveCfg = Release|Any CPU
		{D378CAEC-0C47-4106-B08B-E6E049F00A1D}.Release|Any CPU.Build.0 = Release|Any CPU
	EndGlobalSection
EndGlobal
