
Microsoft Visual Studio Solution File, Format Version 12.00
Project("{2150E333-8FDC-42A3-9474-1A3956D46DE8}") = "src", "src", "{9EE18A62-A9F0-49C8-A7C6-80E01961A02B}"
EndProject
Project("{FAE04EC0-301F-11D3-BF4B-00C04F79EFBC}") = "MinimalTelegramBot", "src\MinimalTelegramBot\MinimalTelegramBot.csproj", "{371C5D0C-D217-4079-891F-BA0AFEDC513A}"
EndProject
Project("{FAE04EC0-301F-11D3-BF4B-00C04F79EFBC}") = "MinimalTelegramBot.Localization.Abstractions", "src\MinimalTelegramBot.Localization.Abstractions\MinimalTelegramBot.Localization.Abstractions.csproj", "{4EDBF77C-84B2-4F36-AE0E-5CBE3905B3CA}"
EndProject
Project("{FAE04EC0-301F-11D3-BF4B-00C04F79EFBC}") = "MinimalTelegramBot.Localization", "src\MinimalTelegramBot.Localization\MinimalTelegramBot.Localization.csproj", "{B40115BD-697E-4E5B-925E-9522C484F8AB}"
EndProject
Project("{2150E333-8FDC-42A3-9474-1A3956D46DE8}") = "StateMachine", "StateMachine", "{36CA274B-5A7C-4D97-978E-C527B6A4B406}"
EndProject
Project("{FAE04EC0-301F-11D3-BF4B-00C04F79EFBC}") = "MinimalTelegramBot.StateMachine.Abstractions", "src\StateMachine\Abstractions\MinimalTelegramBot.StateMachine.Abstractions.csproj", "{349BB337-1344-42E9-A166-493BB4C53977}"
EndProject
Project("{FAE04EC0-301F-11D3-BF4B-00C04F79EFBC}") = "MinimalTelegramBot.StateMachine", "src\StateMachine\StateMachine\MinimalTelegramBot.StateMachine.csproj", "{FB46BFA9-FC5E-4430-8EBA-92C35C72ECD0}"
EndProject
Project("{2150E333-8FDC-42A3-9474-1A3956D46DE8}") = "Persistence", "Persistence", "{6CDA80E0-F419-47AA-8D6D-70F19A80B750}"
EndProject
Project("{2150E333-8FDC-42A3-9474-1A3956D46DE8}") = "samples", "samples", "{60888F80-B206-446C-8786-EF0C89FB1C39}"
EndProject
Project("{FAE04EC0-301F-11D3-BF4B-00C04F79EFBC}") = "UsageExample", "samples\UsageExample\UsageExample.csproj", "{97E71B0F-7400-403C-B672-181F4367F642}"
EndProject
Project("{FAE04EC0-301F-11D3-BF4B-00C04F79EFBC}") = "UsageExample.MinimalSetup", "samples\UsageExample.MinimalSetup\UsageExample.MinimalSetup.csproj", "{62EC40A6-D58B-4F38-9664-552B58158EDA}"
EndProject
Project("{FAE04EC0-301F-11D3-BF4B-00C04F79EFBC}") = "UsageExample.StateMachine", "samples\UsageExample.StateMachine\UsageExample.StateMachine.csproj", "{D5EE4AA1-2AF1-4E42-BF1C-4D43EF8496AD}"
EndProject
Project("{FAE04EC0-301F-11D3-BF4B-00C04F79EFBC}") = "UsageExample.StateMachine.EntityFrameworkCore", "samples\UsageExample.StateMachine.EntityFrameworkCore\UsageExample.StateMachine.EntityFrameworkCore.csproj", "{8F1725E0-E06B-4C75-900D-5C43354226F1}"
EndProject
Project("{FAE04EC0-301F-11D3-BF4B-00C04F79EFBC}") = "MinimalTelegramBot.StateMachine.Persistence.EntityFrameworkCore", "src\StateMachine\Persistence\EntityFrameworkCore\MinimalTelegramBot.StateMachine.Persistence.EntityFrameworkCore.csproj", "{F1ECAE6C-759C-460D-9903-16747D4F672F}"
EndProject
Global
	GlobalSection(SolutionConfigurationPlatforms) = preSolution
		Debug|Any CPU = Debug|Any CPU
		Release|Any CPU = Release|Any CPU
	EndGlobalSection
	GlobalSection(NestedProjects) = preSolution
		{371C5D0C-D217-4079-891F-BA0AFEDC513A} = {9EE18A62-A9F0-49C8-A7C6-80E01961A02B}
		{4EDBF77C-84B2-4F36-AE0E-5CBE3905B3CA} = {9EE18A62-A9F0-49C8-A7C6-80E01961A02B}
		{B40115BD-697E-4E5B-925E-9522C484F8AB} = {9EE18A62-A9F0-49C8-A7C6-80E01961A02B}
		{36CA274B-5A7C-4D97-978E-C527B6A4B406} = {9EE18A62-A9F0-49C8-A7C6-80E01961A02B}
		{349BB337-1344-42E9-A166-493BB4C53977} = {36CA274B-5A7C-4D97-978E-C527B6A4B406}
		{FB46BFA9-FC5E-4430-8EBA-92C35C72ECD0} = {36CA274B-5A7C-4D97-978E-C527B6A4B406}
		{6CDA80E0-F419-47AA-8D6D-70F19A80B750} = {36CA274B-5A7C-4D97-978E-C527B6A4B406}
		{97E71B0F-7400-403C-B672-181F4367F642} = {60888F80-B206-446C-8786-EF0C89FB1C39}
		{62EC40A6-D58B-4F38-9664-552B58158EDA} = {60888F80-B206-446C-8786-EF0C89FB1C39}
		{D5EE4AA1-2AF1-4E42-BF1C-4D43EF8496AD} = {60888F80-B206-446C-8786-EF0C89FB1C39}
		{8F1725E0-E06B-4C75-900D-5C43354226F1} = {60888F80-B206-446C-8786-EF0C89FB1C39}
		{F1ECAE6C-759C-460D-9903-16747D4F672F} = {6CDA80E0-F419-47AA-8D6D-70F19A80B750}
	EndGlobalSection
	GlobalSection(ProjectConfigurationPlatforms) = postSolution
		{371C5D0C-D217-4079-891F-BA0AFEDC513A}.Debug|Any CPU.ActiveCfg = Debug|Any CPU
		{371C5D0C-D217-4079-891F-BA0AFEDC513A}.Debug|Any CPU.Build.0 = Debug|Any CPU
		{371C5D0C-D217-4079-891F-BA0AFEDC513A}.Release|Any CPU.ActiveCfg = Release|Any CPU
		{371C5D0C-D217-4079-891F-BA0AFEDC513A}.Release|Any CPU.Build.0 = Release|Any CPU
		{4EDBF77C-84B2-4F36-AE0E-5CBE3905B3CA}.Debug|Any CPU.ActiveCfg = Debug|Any CPU
		{4EDBF77C-84B2-4F36-AE0E-5CBE3905B3CA}.Debug|Any CPU.Build.0 = Debug|Any CPU
		{4EDBF77C-84B2-4F36-AE0E-5CBE3905B3CA}.Release|Any CPU.ActiveCfg = Release|Any CPU
		{4EDBF77C-84B2-4F36-AE0E-5CBE3905B3CA}.Release|Any CPU.Build.0 = Release|Any CPU
		{B40115BD-697E-4E5B-925E-9522C484F8AB}.Debug|Any CPU.ActiveCfg = Debug|Any CPU
		{B40115BD-697E-4E5B-925E-9522C484F8AB}.Debug|Any CPU.Build.0 = Debug|Any CPU
		{B40115BD-697E-4E5B-925E-9522C484F8AB}.Release|Any CPU.ActiveCfg = Release|Any CPU
		{B40115BD-697E-4E5B-925E-9522C484F8AB}.Release|Any CPU.Build.0 = Release|Any CPU
		{349BB337-1344-42E9-A166-493BB4C53977}.Debug|Any CPU.ActiveCfg = Debug|Any CPU
		{349BB337-1344-42E9-A166-493BB4C53977}.Debug|Any CPU.Build.0 = Debug|Any CPU
		{349BB337-1344-42E9-A166-493BB4C53977}.Release|Any CPU.ActiveCfg = Release|Any CPU
		{349BB337-1344-42E9-A166-493BB4C53977}.Release|Any CPU.Build.0 = Release|Any CPU
		{FB46BFA9-FC5E-4430-8EBA-92C35C72ECD0}.Debug|Any CPU.ActiveCfg = Debug|Any CPU
		{FB46BFA9-FC5E-4430-8EBA-92C35C72ECD0}.Debug|Any CPU.Build.0 = Debug|Any CPU
		{FB46BFA9-FC5E-4430-8EBA-92C35C72ECD0}.Release|Any CPU.ActiveCfg = Release|Any CPU
		{FB46BFA9-FC5E-4430-8EBA-92C35C72ECD0}.Release|Any CPU.Build.0 = Release|Any CPU
		{97E71B0F-7400-403C-B672-181F4367F642}.Debug|Any CPU.ActiveCfg = Debug|Any CPU
		{97E71B0F-7400-403C-B672-181F4367F642}.Debug|Any CPU.Build.0 = Debug|Any CPU
		{97E71B0F-7400-403C-B672-181F4367F642}.Release|Any CPU.ActiveCfg = Release|Any CPU
		{97E71B0F-7400-403C-B672-181F4367F642}.Release|Any CPU.Build.0 = Release|Any CPU
		{62EC40A6-D58B-4F38-9664-552B58158EDA}.Debug|Any CPU.ActiveCfg = Debug|Any CPU
		{62EC40A6-D58B-4F38-9664-552B58158EDA}.Debug|Any CPU.Build.0 = Debug|Any CPU
		{62EC40A6-D58B-4F38-9664-552B58158EDA}.Release|Any CPU.ActiveCfg = Release|Any CPU
		{62EC40A6-D58B-4F38-9664-552B58158EDA}.Release|Any CPU.Build.0 = Release|Any CPU
		{D5EE4AA1-2AF1-4E42-BF1C-4D43EF8496AD}.Debug|Any CPU.ActiveCfg = Debug|Any CPU
		{D5EE4AA1-2AF1-4E42-BF1C-4D43EF8496AD}.Debug|Any CPU.Build.0 = Debug|Any CPU
		{D5EE4AA1-2AF1-4E42-BF1C-4D43EF8496AD}.Release|Any CPU.ActiveCfg = Release|Any CPU
		{D5EE4AA1-2AF1-4E42-BF1C-4D43EF8496AD}.Release|Any CPU.Build.0 = Release|Any CPU
		{8F1725E0-E06B-4C75-900D-5C43354226F1}.Debug|Any CPU.ActiveCfg = Debug|Any CPU
		{8F1725E0-E06B-4C75-900D-5C43354226F1}.Debug|Any CPU.Build.0 = Debug|Any CPU
		{8F1725E0-E06B-4C75-900D-5C43354226F1}.Release|Any CPU.ActiveCfg = Release|Any CPU
		{8F1725E0-E06B-4C75-900D-5C43354226F1}.Release|Any CPU.Build.0 = Release|Any CPU
		{F1ECAE6C-759C-460D-9903-16747D4F672F}.Debug|Any CPU.ActiveCfg = Debug|Any CPU
		{F1ECAE6C-759C-460D-9903-16747D4F672F}.Debug|Any CPU.Build.0 = Debug|Any CPU
		{F1ECAE6C-759C-460D-9903-16747D4F672F}.Release|Any CPU.ActiveCfg = Release|Any CPU
		{F1ECAE6C-759C-460D-9903-16747D4F672F}.Release|Any CPU.Build.0 = Release|Any CPU
	EndGlobalSection
EndGlobal
