
Microsoft Visual Studio Solution File, Format Version 12.00
Project("{2150E333-8FDC-42A3-9474-1A3956D46DE8}") = "src", "src", "{9EE18A62-A9F0-49C8-A7C6-80E01961A02B}"
EndProject
Project("{FAE04EC0-301F-11D3-BF4B-00C04F79EFBC}") = "MinimalTelegramBot", "src\MinimalTelegramBot\MinimalTelegramBot.csproj", "{371C5D0C-D217-4079-891F-BA0AFEDC513A}"
EndProject
Project("{FAE04EC0-301F-11D3-BF4B-00C04F79EFBC}") = "MinimalTelegramBot.Localization.Abstractions", "src\MinimalTelegramBot.Localization.Abstractions\MinimalTelegramBot.Localization.Abstractions.csproj", "{4EDBF77C-84B2-4F36-AE0E-5CBE3905B3CA}"
EndProject
Project("{FAE04EC0-301F-11D3-BF4B-00C04F79EFBC}") = "MinimalTelegramBot.Localization", "src\MinimalTelegramBot.Localization\MinimalTelegramBot.Localization.csproj", "{B40115BD-697E-4E5B-925E-9522C484F8AB}"
EndProject
Project("{2150E333-8FDC-42A3-9474-1A3956D46DE8}") = "StateMachine", "StateMachine", "{36CA274B-5A7C-4D97-978E-C527B6A4B406}"
EndProject
Project("{FAE04EC0-301F-11D3-BF4B-00C04F79EFBC}") = "MinimalTelegramBot.StateMachine.Abstractions", "src\StateMachine\Abstractions\MinimalTelegramBot.StateMachine.Abstractions.csproj", "{349BB337-1344-42E9-A166-493BB4C53977}"
EndProject
Project("{FAE04EC0-301F-11D3-BF4B-00C04F79EFBC}") = "MinimalTelegramBot.StateMachine", "src\StateMachine\StateMachine\MinimalTelegramBot.StateMachine.csproj", "{FB46BFA9-FC5E-4430-8EBA-92C35C72ECD0}"
EndProject
Project("{2150E333-8FDC-42A3-9474-1A3956D46DE8}") = "Persistence", "Persistence", "{6CDA80E0-F419-47AA-8D6D-70F19A80B750}"
EndProject
Project("{FAE04EC0-301F-11D3-BF4B-00C04F79EFBC}") = "MinimalTelegramBot.StateMachine.Persistence.EntityFrameworkCore", "src\StateMachine\Persistence\MinimalTelegramBot.StateMachine.Persistence.EntityFrameworkCore\MinimalTelegramBot.StateMachine.Persistence.EntityFrameworkCore.csproj", "{AFEF66DF-FCB3-4751-A388-D6C8CDB38BFA}"
EndProject
Project("{2150E333-8FDC-42A3-9474-1A3956D46DE8}") = "UsageExample", "UsageExample", "{4B841CF8-2438-4681-8256-CF4DAE43E7F1}"
EndProject
Project("{FAE04EC0-301F-11D3-BF4B-00C04F79EFBC}") = "UsageExample", "src\UsageExample\UsageExample\UsageExample.csproj", "{ACE8ED9C-595E-4D98-BA5C-1DED16188A72}"
EndProject
Project("{FAE04EC0-301F-11D3-BF4B-00C04F79EFBC}") = "UsageExample.MinimalSetup", "src\UsageExample\UsageExample.MinimalSetup\UsageExample.MinimalSetup.csproj", "{C8D7B4A4-0E35-4475-8618-DE881B9E3EC0}"
EndProject
Project("{FAE04EC0-301F-11D3-BF4B-00C04F79EFBC}") = "UsageExample.StateMachine", "src\UsageExample\UsageExample.StateMachine\UsageExample.StateMachine.csproj", "{F7FF35D3-4A49-4824-8582-E881F1068C9D}"
EndProject
Project("{FAE04EC0-301F-11D3-BF4B-00C04F79EFBC}") = "UsageExample.StateMachine.EntityFrameworkCore", "src\UsageExample\UsageExample.StateMachine.EntityFrameworkCore\UsageExample.StateMachine.EntityFrameworkCore.csproj", "{8BBFB8B6-B2E6-4085-BDF1-BC51E16A730B}"
EndProject
Global
	GlobalSection(SolutionConfigurationPlatforms) = preSolution
		Debug|Any CPU = Debug|Any CPU
		Release|Any CPU = Release|Any CPU
	EndGlobalSection
	GlobalSection(NestedProjects) = preSolution
		{371C5D0C-D217-4079-891F-BA0AFEDC513A} = {9EE18A62-A9F0-49C8-A7C6-80E01961A02B}
		{4EDBF77C-84B2-4F36-AE0E-5CBE3905B3CA} = {9EE18A62-A9F0-49C8-A7C6-80E01961A02B}
		{B40115BD-697E-4E5B-925E-9522C484F8AB} = {9EE18A62-A9F0-49C8-A7C6-80E01961A02B}
		{36CA274B-5A7C-4D97-978E-C527B6A4B406} = {9EE18A62-A9F0-49C8-A7C6-80E01961A02B}
		{349BB337-1344-42E9-A166-493BB4C53977} = {36CA274B-5A7C-4D97-978E-C527B6A4B406}
		{FB46BFA9-FC5E-4430-8EBA-92C35C72ECD0} = {36CA274B-5A7C-4D97-978E-C527B6A4B406}
		{6CDA80E0-F419-47AA-8D6D-70F19A80B750} = {36CA274B-5A7C-4D97-978E-C527B6A4B406}
		{AFEF66DF-FCB3-4751-A388-D6C8CDB38BFA} = {6CDA80E0-F419-47AA-8D6D-70F19A80B750}
		{4B841CF8-2438-4681-8256-CF4DAE43E7F1} = {9EE18A62-A9F0-49C8-A7C6-80E01961A02B}
		{ACE8ED9C-595E-4D98-BA5C-1DED16188A72} = {4B841CF8-2438-4681-8256-CF4DAE43E7F1}
		{C8D7B4A4-0E35-4475-8618-DE881B9E3EC0} = {4B841CF8-2438-4681-8256-CF4DAE43E7F1}
		{F7FF35D3-4A49-4824-8582-E881F1068C9D} = {4B841CF8-2438-4681-8256-CF4DAE43E7F1}
		{8BBFB8B6-B2E6-4085-BDF1-BC51E16A730B} = {4B841CF8-2438-4681-8256-CF4DAE43E7F1}
	EndGlobalSection
	GlobalSection(ProjectConfigurationPlatforms) = postSolution
		{371C5D0C-D217-4079-891F-BA0AFEDC513A}.Debug|Any CPU.ActiveCfg = Debug|Any CPU
		{371C5D0C-D217-4079-891F-BA0AFEDC513A}.Debug|Any CPU.Build.0 = Debug|Any CPU
		{371C5D0C-D217-4079-891F-BA0AFEDC513A}.Release|Any CPU.ActiveCfg = Release|Any CPU
		{371C5D0C-D217-4079-891F-BA0AFEDC513A}.Release|Any CPU.Build.0 = Release|Any CPU
		{4EDBF77C-84B2-4F36-AE0E-5CBE3905B3CA}.Debug|Any CPU.ActiveCfg = Debug|Any CPU
		{4EDBF77C-84B2-4F36-AE0E-5CBE3905B3CA}.Debug|Any CPU.Build.0 = Debug|Any CPU
		{4EDBF77C-84B2-4F36-AE0E-5CBE3905B3CA}.Release|Any CPU.ActiveCfg = Release|Any CPU
		{4EDBF77C-84B2-4F36-AE0E-5CBE3905B3CA}.Release|Any CPU.Build.0 = Release|Any CPU
		{B40115BD-697E-4E5B-925E-9522C484F8AB}.Debug|Any CPU.ActiveCfg = Debug|Any CPU
		{B40115BD-697E-4E5B-925E-9522C484F8AB}.Debug|Any CPU.Build.0 = Debug|Any CPU
		{B40115BD-697E-4E5B-925E-9522C484F8AB}.Release|Any CPU.ActiveCfg = Release|Any CPU
		{B40115BD-697E-4E5B-925E-9522C484F8AB}.Release|Any CPU.Build.0 = Release|Any CPU
		{349BB337-1344-42E9-A166-493BB4C53977}.Debug|Any CPU.ActiveCfg = Debug|Any CPU
		{349BB337-1344-42E9-A166-493BB4C53977}.Debug|Any CPU.Build.0 = Debug|Any CPU
		{349BB337-1344-42E9-A166-493BB4C53977}.Release|Any CPU.ActiveCfg = Release|Any CPU
		{349BB337-1344-42E9-A166-493BB4C53977}.Release|Any CPU.Build.0 = Release|Any CPU
		{FB46BFA9-FC5E-4430-8EBA-92C35C72ECD0}.Debug|Any CPU.ActiveCfg = Debug|Any CPU
		{FB46BFA9-FC5E-4430-8EBA-92C35C72ECD0}.Debug|Any CPU.Build.0 = Debug|Any CPU
		{FB46BFA9-FC5E-4430-8EBA-92C35C72ECD0}.Release|Any CPU.ActiveCfg = Release|Any CPU
		{FB46BFA9-FC5E-4430-8EBA-92C35C72ECD0}.Release|Any CPU.Build.0 = Release|Any CPU
		{AFEF66DF-FCB3-4751-A388-D6C8CDB38BFA}.Debug|Any CPU.ActiveCfg = Debug|Any CPU
		{AFEF66DF-FCB3-4751-A388-D6C8CDB38BFA}.Debug|Any CPU.Build.0 = Debug|Any CPU
		{AFEF66DF-FCB3-4751-A388-D6C8CDB38BFA}.Release|Any CPU.ActiveCfg = Release|Any CPU
		{AFEF66DF-FCB3-4751-A388-D6C8CDB38BFA}.Release|Any CPU.Build.0 = Release|Any CPU
		{ACE8ED9C-595E-4D98-BA5C-1DED16188A72}.Debug|Any CPU.ActiveCfg = Debug|Any CPU
		{ACE8ED9C-595E-4D98-BA5C-1DED16188A72}.Debug|Any CPU.Build.0 = Debug|Any CPU
		{ACE8ED9C-595E-4D98-BA5C-1DED16188A72}.Release|Any CPU.ActiveCfg = Release|Any CPU
		{ACE8ED9C-595E-4D98-BA5C-1DED16188A72}.Release|Any CPU.Build.0 = Release|Any CPU
		{C8D7B4A4-0E35-4475-8618-DE881B9E3EC0}.Debug|Any CPU.ActiveCfg = Debug|Any CPU
		{C8D7B4A4-0E35-4475-8618-DE881B9E3EC0}.Debug|Any CPU.Build.0 = Debug|Any CPU
		{C8D7B4A4-0E35-4475-8618-DE881B9E3EC0}.Release|Any CPU.ActiveCfg = Release|Any CPU
		{C8D7B4A4-0E35-4475-8618-DE881B9E3EC0}.Release|Any CPU.Build.0 = Release|Any CPU
		{F7FF35D3-4A49-4824-8582-E881F1068C9D}.Debug|Any CPU.ActiveCfg = Debug|Any CPU
		{F7FF35D3-4A49-4824-8582-E881F1068C9D}.Debug|Any CPU.Build.0 = Debug|Any CPU
		{F7FF35D3-4A49-4824-8582-E881F1068C9D}.Release|Any CPU.ActiveCfg = Release|Any CPU
		{F7FF35D3-4A49-4824-8582-E881F1068C9D}.Release|Any CPU.Build.0 = Release|Any CPU
		{8BBFB8B6-B2E6-4085-BDF1-BC51E16A730B}.Debug|Any CPU.ActiveCfg = Debug|Any CPU
		{8BBFB8B6-B2E6-4085-BDF1-BC51E16A730B}.Debug|Any CPU.Build.0 = Debug|Any CPU
		{8BBFB8B6-B2E6-4085-BDF1-BC51E16A730B}.Release|Any CPU.ActiveCfg = Release|Any CPU
		{8BBFB8B6-B2E6-4085-BDF1-BC51E16A730B}.Release|Any CPU.Build.0 = Release|Any CPU
	EndGlobalSection
EndGlobal
